// !$*UTF8*$!
{
	archiveVersion = 1;
	classes = {
	};
	objectVersion = 50;
	objects = {

/* Begin PBXBuildFile section */
		311EA0392291610000244DE4 /* AppDelegate.swift in Sources */ = {isa = PBXBuildFile; fileRef = 311EA0382291610000244DE4 /* AppDelegate.swift */; };
		311EA03B2291610100244DE4 /* ViewController.swift in Sources */ = {isa = PBXBuildFile; fileRef = 311EA03A2291610100244DE4 /* ViewController.swift */; };
		311EA03E2291610100244DE4 /* Main.storyboard in Resources */ = {isa = PBXBuildFile; fileRef = 311EA03C2291610100244DE4 /* Main.storyboard */; };
		311EA0402291610300244DE4 /* Assets.xcassets in Resources */ = {isa = PBXBuildFile; fileRef = 311EA03F2291610300244DE4 /* Assets.xcassets */; };
		311EA0432291610300244DE4 /* LaunchScreen.storyboard in Resources */ = {isa = PBXBuildFile; fileRef = 311EA0412291610300244DE4 /* LaunchScreen.storyboard */; };
		311EA06B22917FBB00244DE4 /* AddNewHabit.swift in Sources */ = {isa = PBXBuildFile; fileRef = 311EA06A22917FBB00244DE4 /* AddNewHabit.swift */; };
		311EA07322918B5000244DE4 /* HabitsTableViewController.swift in Sources */ = {isa = PBXBuildFile; fileRef = 311EA07222918B5000244DE4 /* HabitsTableViewController.swift */; };
		311EA07522918B7600244DE4 /* NewHabitViewController.swift in Sources */ = {isa = PBXBuildFile; fileRef = 311EA07422918B7600244DE4 /* NewHabitViewController.swift */; };
/* End PBXBuildFile section */

/* Begin PBXContainerItemProxy section */
		311EA04A2291610300244DE4 /* PBXContainerItemProxy */ = {
			isa = PBXContainerItemProxy;
			containerPortal = 311EA02D2291610000244DE4 /* Project object */;
			proxyType = 1;
			remoteGlobalIDString = 311EA0342291610000244DE4;
			remoteInfo = "Paula-Bella";
		};
		311EA0552291610300244DE4 /* PBXContainerItemProxy */ = {
			isa = PBXContainerItemProxy;
			containerPortal = 311EA02D2291610000244DE4 /* Project object */;
			proxyType = 1;
			remoteGlobalIDString = 311EA0342291610000244DE4;
			remoteInfo = "Paula-Bella";
		};
/* End PBXContainerItemProxy section */

/* Begin PBXFileReference section */
		311EA0352291610000244DE4 /* Paula-Bella.app */ = {isa = PBXFileReference; explicitFileType = wrapper.application; includeInIndex = 0; path = "Paula-Bella.app"; sourceTree = BUILT_PRODUCTS_DIR; };
		311EA0382291610000244DE4 /* AppDelegate.swift */ = {isa = PBXFileReference; lastKnownFileType = sourcecode.swift; path = AppDelegate.swift; sourceTree = "<group>"; };
		311EA03A2291610100244DE4 /* ViewController.swift */ = {isa = PBXFileReference; lastKnownFileType = sourcecode.swift; path = ViewController.swift; sourceTree = "<group>"; };
		311EA03D2291610100244DE4 /* Base */ = {isa = PBXFileReference; lastKnownFileType = file.storyboard; name = Base; path = Base.lproj/Main.storyboard; sourceTree = "<group>"; };
		311EA03F2291610300244DE4 /* Assets.xcassets */ = {isa = PBXFileReference; lastKnownFileType = folder.assetcatalog; path = Assets.xcassets; sourceTree = "<group>"; };
		311EA0422291610300244DE4 /* Base */ = {isa = PBXFileReference; lastKnownFileType = file.storyboard; name = Base; path = Base.lproj/LaunchScreen.storyboard; sourceTree = "<group>"; };
		311EA0442291610300244DE4 /* Info.plist */ = {isa = PBXFileReference; lastKnownFileType = text.plist.xml; path = Info.plist; sourceTree = "<group>"; };
		311EA0492291610300244DE4 /* Paula-BellaTests.xctest */ = {isa = PBXFileReference; explicitFileType = wrapper.cfbundle; includeInIndex = 0; path = "Paula-BellaTests.xctest"; sourceTree = BUILT_PRODUCTS_DIR; };
		311EA0542291610300244DE4 /* Paula-BellaUITests.xctest */ = {isa = PBXFileReference; explicitFileType = wrapper.cfbundle; includeInIndex = 0; path = "Paula-BellaUITests.xctest"; sourceTree = BUILT_PRODUCTS_DIR; };
		311EA06A22917FBB00244DE4 /* AddNewHabit.swift */ = {isa = PBXFileReference; lastKnownFileType = sourcecode.swift; path = AddNewHabit.swift; sourceTree = "<group>"; };
		311EA07222918B5000244DE4 /* HabitsTableViewController.swift */ = {isa = PBXFileReference; lastKnownFileType = sourcecode.swift; path = HabitsTableViewController.swift; sourceTree = "<group>"; };
		311EA07422918B7600244DE4 /* NewHabitViewController.swift */ = {isa = PBXFileReference; lastKnownFileType = sourcecode.swift; path = NewHabitViewController.swift; sourceTree = "<group>"; };
/* End PBXFileReference section */

/* Begin PBXFrameworksBuildPhase section */
		311EA0322291610000244DE4 /* Frameworks */ = {
			isa = PBXFrameworksBuildPhase;
			buildActionMask = 2147483647;
			files = (
			);
			runOnlyForDeploymentPostprocessing = 0;
		};
		311EA0462291610300244DE4 /* Frameworks */ = {
			isa = PBXFrameworksBuildPhase;
			buildActionMask = 2147483647;
			files = (
			);
			runOnlyForDeploymentPostprocessing = 0;
		};
		311EA0512291610300244DE4 /* Frameworks */ = {
			isa = PBXFrameworksBuildPhase;
			buildActionMask = 2147483647;
			files = (
			);
			runOnlyForDeploymentPostprocessing = 0;
		};
/* End PBXFrameworksBuildPhase section */

/* Begin PBXGroup section */
		311EA02C2291610000244DE4 = {
			isa = PBXGroup;
			children = (
				311EA0372291610000244DE4 /* Paula-Bella */,
				311EA0362291610000244DE4 /* Products */,
			);
			sourceTree = "<group>";
		};
		311EA0362291610000244DE4 /* Products */ = {
			isa = PBXGroup;
			children = (
				311EA0352291610000244DE4 /* Paula-Bella.app */,
				311EA0492291610300244DE4 /* Paula-BellaTests.xctest */,
				311EA0542291610300244DE4 /* Paula-BellaUITests.xctest */,
			);
			name = Products;
			sourceTree = "<group>";
		};
		311EA0372291610000244DE4 /* Paula-Bella */ = {
			isa = PBXGroup;
			children = (
				311EA0442291610300244DE4 /* Info.plist */,
				311EA0412291610300244DE4 /* LaunchScreen.storyboard */,
				311EA03A2291610100244DE4 /* ViewController.swift */,
				311EA0382291610000244DE4 /* AppDelegate.swift */,
				311EA03C2291610100244DE4 /* Main.storyboard */,
				311EA03F2291610300244DE4 /* Assets.xcassets */,
				311EA06A22917FBB00244DE4 /* AddNewHabit.swift */,
				311EA07222918B5000244DE4 /* HabitsTableViewController.swift */,
				311EA07422918B7600244DE4 /* NewHabitViewController.swift */,
			);
			path = "Paula-Bella";
			sourceTree = "<group>";
		};
/* End PBXGroup section */

/* Begin PBXNativeTarget section */
		311EA0342291610000244DE4 /* Paula-Bella */ = {
			isa = PBXNativeTarget;
			buildConfigurationList = 311EA05D2291610400244DE4 /* Build configuration list for PBXNativeTarget "Paula-Bella" */;
			buildPhases = (
				311EA0312291610000244DE4 /* Sources */,
				311EA0322291610000244DE4 /* Frameworks */,
				311EA0332291610000244DE4 /* Resources */,
			);
			buildRules = (
			);
			dependencies = (
			);
			name = "Paula-Bella";
			productName = "Paula-Bella";
			productReference = 311EA0352291610000244DE4 /* Paula-Bella.app */;
			productType = "com.apple.product-type.application";
		};
		311EA0482291610300244DE4 /* Paula-BellaTests */ = {
			isa = PBXNativeTarget;
			buildConfigurationList = 311EA0602291610400244DE4 /* Build configuration list for PBXNativeTarget "Paula-BellaTests" */;
			buildPhases = (
				311EA0452291610300244DE4 /* Sources */,
				311EA0462291610300244DE4 /* Frameworks */,
				311EA0472291610300244DE4 /* Resources */,
			);
			buildRules = (
			);
			dependencies = (
				311EA04B2291610300244DE4 /* PBXTargetDependency */,
			);
			name = "Paula-BellaTests";
			productName = "Paula-BellaTests";
			productReference = 311EA0492291610300244DE4 /* Paula-BellaTests.xctest */;
			productType = "com.apple.product-type.bundle.unit-test";
		};
		311EA0532291610300244DE4 /* Paula-BellaUITests */ = {
			isa = PBXNativeTarget;
			buildConfigurationList = 311EA0632291610400244DE4 /* Build configuration list for PBXNativeTarget "Paula-BellaUITests" */;
			buildPhases = (
				311EA0502291610300244DE4 /* Sources */,
				311EA0512291610300244DE4 /* Frameworks */,
				311EA0522291610300244DE4 /* Resources */,
			);
			buildRules = (
			);
			dependencies = (
				311EA0562291610300244DE4 /* PBXTargetDependency */,
			);
			name = "Paula-BellaUITests";
			productName = "Paula-BellaUITests";
			productReference = 311EA0542291610300244DE4 /* Paula-BellaUITests.xctest */;
			productType = "com.apple.product-type.bundle.ui-testing";
		};
/* End PBXNativeTarget section */

/* Begin PBXProject section */
		311EA02D2291610000244DE4 /* Project object */ = {
			isa = PBXProject;
			attributes = {
				LastSwiftUpdateCheck = 0930;
				LastUpgradeCheck = 0930;
				ORGANIZATIONNAME = "Paula Leitisstein Olsen";
				TargetAttributes = {
					311EA0342291610000244DE4 = {
						CreatedOnToolsVersion = 9.3.1;
					};
					311EA0482291610300244DE4 = {
						CreatedOnToolsVersion = 9.3.1;
						TestTargetID = 311EA0342291610000244DE4;
					};
					311EA0532291610300244DE4 = {
						CreatedOnToolsVersion = 9.3.1;
						TestTargetID = 311EA0342291610000244DE4;
					};
				};
			};
			buildConfigurationList = 311EA0302291610000244DE4 /* Build configuration list for PBXProject "Paula-Bella" */;
			compatibilityVersion = "Xcode 9.3";
			developmentRegion = en;
			hasScannedForEncodings = 0;
			knownRegions = (
				en,
				Base,
			);
			mainGroup = 311EA02C2291610000244DE4;
			productRefGroup = 311EA0362291610000244DE4 /* Products */;
			projectDirPath = "";
			projectRoot = "";
			targets = (
				311EA0342291610000244DE4 /* Paula-Bella */,
				311EA0482291610300244DE4 /* Paula-BellaTests */,
				311EA0532291610300244DE4 /* Paula-BellaUITests */,
			);
		};
/* End PBXProject section */

/* Begin PBXResourcesBuildPhase section */
		311EA0332291610000244DE4 /* Resources */ = {
			isa = PBXResourcesBuildPhase;
			buildActionMask = 2147483647;
			files = (
				311EA0432291610300244DE4 /* LaunchScreen.storyboard in Resources */,
				311EA0402291610300244DE4 /* Assets.xcassets in Resources */,
				311EA03E2291610100244DE4 /* Main.storyboard in Resources */,
			);
			runOnlyForDeploymentPostprocessing = 0;
		};
		311EA0472291610300244DE4 /* Resources */ = {
			isa = PBXResourcesBuildPhase;
			buildActionMask = 2147483647;
			files = (
			);
			runOnlyForDeploymentPostprocessing = 0;
		};
		311EA0522291610300244DE4 /* Resources */ = {
			isa = PBXResourcesBuildPhase;
			buildActionMask = 2147483647;
			files = (
			);
			runOnlyForDeploymentPostprocessing = 0;
		};
/* End PBXResourcesBuildPhase section */

/* Begin PBXSourcesBuildPhase section */
		311EA0312291610000244DE4 /* Sources */ = {
			isa = PBXSourcesBuildPhase;
			buildActionMask = 2147483647;
			files = (
				311EA07322918B5000244DE4 /* HabitsTableViewController.swift in Sources */,
				311EA03B2291610100244DE4 /* ViewController.swift in Sources */,
				311EA0392291610000244DE4 /* AppDelegate.swift in Sources */,
				311EA06B22917FBB00244DE4 /* AddNewHabit.swift in Sources */,
				311EA07522918B7600244DE4 /* NewHabitViewController.swift in Sources */,
			);
			runOnlyForDeploymentPostprocessing = 0;
		};
		311EA0452291610300244DE4 /* Sources */ = {
			isa = PBXSourcesBuildPhase;
			buildActionMask = 2147483647;
			files = (
			);
			runOnlyForDeploymentPostprocessing = 0;
		};
		311EA0502291610300244DE4 /* Sources */ = {
			isa = PBXSourcesBuildPhase;
			buildActionMask = 2147483647;
			files = (
			);
			runOnlyForDeploymentPostprocessing = 0;
		};
/* End PBXSourcesBuildPhase section */

/* Begin PBXTargetDependency section */
		311EA04B2291610300244DE4 /* PBXTargetDependency */ = {
			isa = PBXTargetDependency;
			target = 311EA0342291610000244DE4 /* Paula-Bella */;
			targetProxy = 311EA04A2291610300244DE4 /* PBXContainerItemProxy */;
		};
		311EA0562291610300244DE4 /* PBXTargetDependency */ = {
			isa = PBXTargetDependency;
			target = 311EA0342291610000244DE4 /* Paula-Bella */;
			targetProxy = 311EA0552291610300244DE4 /* PBXContainerItemProxy */;
		};
/* End PBXTargetDependency section */

/* Begin PBXVariantGroup section */
		311EA03C2291610100244DE4 /* Main.storyboard */ = {
			isa = PBXVariantGroup;
			children = (
				311EA03D2291610100244DE4 /* Base */,
			);
			name = Main.storyboard;
			sourceTree = "<group>";
		};
		311EA0412291610300244DE4 /* LaunchScreen.storyboard */ = {
			isa = PBXVariantGroup;
			children = (
				311EA0422291610300244DE4 /* Base */,
			);
			name = LaunchScreen.storyboard;
			sourceTree = "<group>";
		};
/* End PBXVariantGroup section */

/* Begin XCBuildConfiguration section */
		311EA05B2291610400244DE4 /* Debug */ = {
			isa = XCBuildConfiguration;
			buildSettings = {
				ALWAYS_SEARCH_USER_PATHS = NO;
				CLANG_ANALYZER_NONNULL = YES;
				CLANG_ANALYZER_NUMBER_OBJECT_CONVERSION = YES_AGGRESSIVE;
				CLANG_CXX_LANGUAGE_STANDARD = "gnu++14";
				CLANG_CXX_LIBRARY = "libc++";
				CLANG_ENABLE_MODULES = YES;
				CLANG_ENABLE_OBJC_ARC = YES;
				CLANG_ENABLE_OBJC_WEAK = YES;
				CLANG_WARN_BLOCK_CAPTURE_AUTORELEASING = YES;
				CLANG_WARN_BOOL_CONVERSION = YES;
				CLANG_WARN_COMMA = YES;
				CLANG_WARN_CONSTANT_CONVERSION = YES;
				CLANG_WARN_DEPRECATED_OBJC_IMPLEMENTATIONS = YES;
				CLANG_WARN_DIRECT_OBJC_ISA_USAGE = YES_ERROR;
				CLANG_WARN_DOCUMENTATION_COMMENTS = YES;
				CLANG_WARN_EMPTY_BODY = YES;
				CLANG_WARN_ENUM_CONVERSION = YES;
				CLANG_WARN_INFINITE_RECURSION = YES;
				CLANG_WARN_INT_CONVERSION = YES;
				CLANG_WARN_NON_LITERAL_NULL_CONVERSION = YES;
				CLANG_WARN_OBJC_IMPLICIT_RETAIN_SELF = YES;
				CLANG_WARN_OBJC_LITERAL_CONVERSION = YES;
				CLANG_WARN_OBJC_ROOT_CLASS = YES_ERROR;
				CLANG_WARN_RANGE_LOOP_ANALYSIS = YES;
				CLANG_WARN_STRICT_PROTOTYPES = YES;
				CLANG_WARN_SUSPICIOUS_MOVE = YES;
				CLANG_WARN_UNGUARDED_AVAILABILITY = YES_AGGRESSIVE;
				CLANG_WARN_UNREACHABLE_CODE = YES;
				CLANG_WARN__DUPLICATE_METHOD_MATCH = YES;
				CODE_SIGN_IDENTITY = "iPhone Developer";
				COPY_PHASE_STRIP = NO;
				DEBUG_INFORMATION_FORMAT = dwarf;
				ENABLE_STRICT_OBJC_MSGSEND = YES;
				ENABLE_TESTABILITY = YES;
				GCC_C_LANGUAGE_STANDARD = gnu11;
				GCC_DYNAMIC_NO_PIC = NO;
				GCC_NO_COMMON_BLOCKS = YES;
				GCC_OPTIMIZATION_LEVEL = 0;
				GCC_PREPROCESSOR_DEFINITIONS = (
					"DEBUG=1",
					"$(inherited)",
				);
				GCC_WARN_64_TO_32_BIT_CONVERSION = YES;
				GCC_WARN_ABOUT_RETURN_TYPE = YES_ERROR;
				GCC_WARN_UNDECLARED_SELECTOR = YES;
				GCC_WARN_UNINITIALIZED_AUTOS = YES_AGGRESSIVE;
				GCC_WARN_UNUSED_FUNCTION = YES;
				GCC_WARN_UNUSED_VARIABLE = YES;
				IPHONEOS_DEPLOYMENT_TARGET = 11.3;
				MTL_ENABLE_DEBUG_INFO = YES;
				ONLY_ACTIVE_ARCH = YES;
				SDKROOT = iphoneos;
				SWIFT_ACTIVE_COMPILATION_CONDITIONS = DEBUG;
				SWIFT_OPTIMIZATION_LEVEL = "-Onone";
			};
			name = Debug;
		};
		311EA05C2291610400244DE4 /* Release */ = {
			isa = XCBuildConfiguration;
			buildSettings = {
				ALWAYS_SEARCH_USER_PATHS = NO;
				CLANG_ANALYZER_NONNULL = YES;
				CLANG_ANALYZER_NUMBER_OBJECT_CONVERSION = YES_AGGRESSIVE;
				CLANG_CXX_LANGUAGE_STANDARD = "gnu++14";
				CLANG_CXX_LIBRARY = "libc++";
				CLANG_ENABLE_MODULES = YES;
				CLANG_ENABLE_OBJC_ARC = YES;
				CLANG_ENABLE_OBJC_WEAK = YES;
				CLANG_WARN_BLOCK_CAPTURE_AUTORELEASING = YES;
				CLANG_WARN_BOOL_CONVERSION = YES;
				CLANG_WARN_COMMA = YES;
				CLANG_WARN_CONSTANT_CONVERSION = YES;
				CLANG_WARN_DEPRECATED_OBJC_IMPLEMENTATIONS = YES;
				CLANG_WARN_DIRECT_OBJC_ISA_USAGE = YES_ERROR;
				CLANG_WARN_DOCUMENTATION_COMMENTS = YES;
				CLANG_WARN_EMPTY_BODY = YES;
				CLANG_WARN_ENUM_CONVERSION = YES;
				CLANG_WARN_INFINITE_RECURSION = YES;
				CLANG_WARN_INT_CONVERSION = YES;
				CLANG_WARN_NON_LITERAL_NULL_CONVERSION = YES;
				CLANG_WARN_OBJC_IMPLICIT_RETAIN_SELF = YES;
				CLANG_WARN_OBJC_LITERAL_CONVERSION = YES;
				CLANG_WARN_OBJC_ROOT_CLASS = YES_ERROR;
				CLANG_WARN_RANGE_LOOP_ANALYSIS = YES;
				CLANG_WARN_STRICT_PROTOTYPES = YES;
				CLANG_WARN_SUSPICIOUS_MOVE = YES;
				CLANG_WARN_UNGUARDED_AVAILABILITY = YES_AGGRESSIVE;
				CLANG_WARN_UNREACHABLE_CODE = YES;
				CLANG_WARN__DUPLICATE_METHOD_MATCH = YES;
				CODE_SIGN_IDENTITY = "iPhone Developer";
				COPY_PHASE_STRIP = NO;
				DEBUG_INFORMATION_FORMAT = "dwarf-with-dsym";
				ENABLE_NS_ASSERTIONS = NO;
				ENABLE_STRICT_OBJC_MSGSEND = YES;
				GCC_C_LANGUAGE_STANDARD = gnu11;
				GCC_NO_COMMON_BLOCKS = YES;
				GCC_WARN_64_TO_32_BIT_CONVERSION = YES;
				GCC_WARN_ABOUT_RETURN_TYPE = YES_ERROR;
				GCC_WARN_UNDECLARED_SELECTOR = YES;
				GCC_WARN_UNINITIALIZED_AUTOS = YES_AGGRESSIVE;
				GCC_WARN_UNUSED_FUNCTION = YES;
				GCC_WARN_UNUSED_VARIABLE = YES;
				IPHONEOS_DEPLOYMENT_TARGET = 11.3;
				MTL_ENABLE_DEBUG_INFO = NO;
				SDKROOT = iphoneos;
				SWIFT_COMPILATION_MODE = wholemodule;
				SWIFT_OPTIMIZATION_LEVEL = "-O";
				VALIDATE_PRODUCT = YES;
			};
			name = Release;
		};
		311EA05E2291610400244DE4 /* Debug */ = {
			isa = XCBuildConfiguration;
			buildSettings = {
				ASSETCATALOG_COMPILER_APPICON_NAME = AppIcon;
				CODE_SIGN_STYLE = Automatic;
				INFOPLIST_FILE = "Paula-Bella/Info.plist";
				LD_RUNPATH_SEARCH_PATHS = (
					"$(inherited)",
					"@executable_path/Frameworks",
				);
				PRODUCT_BUNDLE_IDENTIFIER = "paula.Paula-Bella";
				PRODUCT_NAME = "$(TARGET_NAME)";
				SWIFT_VERSION = 4.0;
				TARGETED_DEVICE_FAMILY = "1,2";
			};
			name = Debug;
		};
		311EA05F2291610400244DE4 /* Release */ = {
			isa = XCBuildConfiguration;
			buildSettings = {
				ASSETCATALOG_COMPILER_APPICON_NAME = AppIcon;
				CODE_SIGN_STYLE = Automatic;
				INFOPLIST_FILE = "Paula-Bella/Info.plist";
				LD_RUNPATH_SEARCH_PATHS = (
					"$(inherited)",
					"@executable_path/Frameworks",
				);
				PRODUCT_BUNDLE_IDENTIFIER = "paula.Paula-Bella";
				PRODUCT_NAME = "$(TARGET_NAME)";
				SWIFT_VERSION = 4.0;
				TARGETED_DEVICE_FAMILY = "1,2";
			};
			name = Release;
		};
		311EA0612291610400244DE4 /* Debug */ = {
			isa = XCBuildConfiguration;
			buildSettings = {
				ALWAYS_EMBED_SWIFT_STANDARD_LIBRARIES = YES;
				BUNDLE_LOADER = "$(TEST_HOST)";
				CODE_SIGN_STYLE = Automatic;
				INFOPLIST_FILE = "Paula-BellaTests/Info.plist";
				LD_RUNPATH_SEARCH_PATHS = (
					"$(inherited)",
					"@executable_path/Frameworks",
					"@loader_path/Frameworks",
				);
				PRODUCT_BUNDLE_IDENTIFIER = "paula.Paula-BellaTests";
				PRODUCT_NAME = "$(TARGET_NAME)";
				SWIFT_VERSION = 4.0;
				TARGETED_DEVICE_FAMILY = "1,2";
				TEST_HOST = "$(BUILT_PRODUCTS_DIR)/Paula-Bella.app/Paula-Bella";
			};
			name = Debug;
		};
		311EA0622291610400244DE4 /* Release */ = {
			isa = XCBuildConfiguration;
			buildSettings = {
				ALWAYS_EMBED_SWIFT_STANDARD_LIBRARIES = YES;
				BUNDLE_LOADER = "$(TEST_HOST)";
				CODE_SIGN_STYLE = Automatic;
				INFOPLIST_FILE = "Paula-BellaTests/Info.plist";
				LD_RUNPATH_SEARCH_PATHS = (
					"$(inherited)",
					"@executable_path/Frameworks",
					"@loader_path/Frameworks",
				);
				PRODUCT_BUNDLE_IDENTIFIER = "paula.Paula-BellaTests";
				PRODUCT_NAME = "$(TARGET_NAME)";
				SWIFT_VERSION = 4.0;
				TARGETED_DEVICE_FAMILY = "1,2";
				TEST_HOST = "$(BUILT_PRODUCTS_DIR)/Paula-Bella.app/Paula-Bella";
			};
			name = Release;
		};
		311EA0642291610400244DE4 /* Debug */ = {
			isa = XCBuildConfiguration;
			buildSettings = {
				ALWAYS_EMBED_SWIFT_STANDARD_LIBRARIES = YES;
				CODE_SIGN_STYLE = Automatic;
				INFOPLIST_FILE = "Paula-BellaUITests/Info.plist";
				LD_RUNPATH_SEARCH_PATHS = (
					"$(inherited)",
					"@executable_path/Frameworks",
					"@loader_path/Frameworks",
				);
				PRODUCT_BUNDLE_IDENTIFIER = "paula.Paula-BellaUITests";
				PRODUCT_NAME = "$(TARGET_NAME)";
				SWIFT_VERSION = 4.0;
				TARGETED_DEVICE_FAMILY = "1,2";
				TEST_TARGET_NAME = "Paula-Bella";
			};
			name = Debug;
		};
		311EA0652291610400244DE4 /* Release */ = {
			isa = XCBuildConfiguration;
			buildSettings = {
				ALWAYS_EMBED_SWIFT_STANDARD_LIBRARIES = YES;
				CODE_SIGN_STYLE = Automatic;
				INFOPLIST_FILE = "Paula-BellaUITests/Info.plist";
				LD_RUNPATH_SEARCH_PATHS = (
					"$(inherited)",
					"@executable_path/Frameworks",
					"@loader_path/Frameworks",
				);
				PRODUCT_BUNDLE_IDENTIFIER = "paula.Paula-BellaUITests";
				PRODUCT_NAME = "$(TARGET_NAME)";
				SWIFT_VERSION = 4.0;
				TARGETED_DEVICE_FAMILY = "1,2";
				TEST_TARGET_NAME = "Paula-Bella";
			};
			name = Release;
		};
/* End XCBuildConfiguration section */

/* Begin XCConfigurationList section */
		311EA0302291610000244DE4 /* Build configuration list for PBXProject "Paula-Bella" */ = {
			isa = XCConfigurationList;
			buildConfigurations = (
				311EA05B2291610400244DE4 /* Debug */,
				311EA05C2291610400244DE4 /* Release */,
			);
			defaultConfigurationIsVisible = 0;
			defaultConfigurationName = Release;
		};
		311EA05D2291610400244DE4 /* Build configuration list for PBXNativeTarget "Paula-Bella" */ = {
			isa = XCConfigurationList;
			buildConfigurations = (
				311EA05E2291610400244DE4 /* Debug */,
				311EA05F2291610400244DE4 /* Release */,
			);
			defaultConfigurationIsVisible = 0;
			defaultConfigurationName = Release;
		};
		311EA0602291610400244DE4 /* Build configuration list for PBXNativeTarget "Paula-BellaTests" */ = {
			isa = XCConfigurationList;
			buildConfigurations = (
				311EA0612291610400244DE4 /* Debug */,
				311EA0622291610400244DE4 /* Release */,
			);
			defaultConfigurationIsVisible = 0;
			defaultConfigurationName = Release;
		};
		311EA0632291610400244DE4 /* Build configuration list for PBXNativeTarget "Paula-BellaUITests" */ = {
			isa = XCConfigurationList;
			buildConfigurations = (
				311EA0642291610400244DE4 /* Debug */,
				311EA0652291610400244DE4 /* Release */,
			);
			defaultConfigurationIsVisible = 0;
			defaultConfigurationName = Release;
		};
/* End XCConfigurationList section */
	};
	rootObject = 311EA02D2291610000244DE4 /* Project object */;
}
